// This lockfile was autogenerated by Pants. To regenerate, run:
//
//    pants generate-lockfiles --resolve=example-1
//
// --- BEGIN PANTS LOCKFILE METADATA: DO NOT EDIT OR REMOVE ---
// {
//   "version": 3,
//   "valid_for_interpreter_constraints": [
//     "CPython<3.12,>=3.11"
//   ],
//   "generated_with_requirements": [
//     "requests>=2.31"
//   ],
//   "manylinux": "manylinux2014",
//   "requirement_constraints": [],
//   "only_binary": [],
//   "no_binary": []
// }
// --- END PANTS LOCKFILE METADATA ---

{
  "allow_builds": true,
  "allow_prereleases": false,
  "allow_wheels": true,
  "build_isolation": true,
  "constraints": [],
  "locked_resolves": [
    {
      "locked_requirements": [
        {
          "artifacts": [
            {
              "algorithm": "sha256",
              "hash": "922820b53db7a7257ffbda3f597266d435245903d80737e34f8a45ff3e3230d8",
              "url": "https://files.pythonhosted.org/packages/12/90/3c9ff0512038035f59d279fddeb79f5f1eccd8859f06d6163c58798b9487/certifi-2024.8.30-py3-none-any.whl"
            },
            {
              "algorithm": "sha256",
              "hash": "bec941d2aa8195e248a60b31ff9f0558284cf01a52591ceda73ea9afffd69fd9",
              "url": "https://files.pythonhosted.org/packages/b0/ee/9b19140fe824b367c04c5e1b369942dd754c4c5462d5674002f75c4dedc1/certifi-2024.8.30.tar.gz"
            }
          ],
          "project_name": "certifi",
          "requires_dists": [],
          "requires_python": ">=3.6",
          "version": "2024.8.30"
        },
        {
          "artifacts": [
            {
              "algorithm": "sha256",
              "hash": "3e4d1f6587322d2788836a99c69062fbb091331ec940e02d12d179c1d53e25fc",
              "url": "https://files.pythonhosted.org/packages/28/76/e6222113b83e3622caa4bb41032d0b1bf785250607392e1b778aca0b8a7d/charset_normalizer-3.3.2-py3-none-any.whl"
            },
            {
              "algorithm": "sha256",
              "hash": "65f6f63034100ead094b8744b3b97965785388f308a64cf8d7c34f2f2e5be0c4",
              "url": "https://files.pythonhosted.org/packages/05/31/e1f51c76db7be1d4aef220d29fbfa5dbb4a99165d9833dcbf166753b6dc0/charset_normalizer-3.3.2-cp311-cp311-manylinux_2_17_s390x.manylinux2014_s390x.whl"
            },
            {
              "algorithm": "sha256",
              "hash": "4a78b2b446bd7c934f5dcedc588903fb2f5eec172f3d29e52a9096a43722adfc",
              "url": "https://files.pythonhosted.org/packages/07/07/7e554f2bbce3295e191f7e653ff15d55309a9ca40d0362fcdab36f01063c/charset_normalizer-3.3.2-cp311-cp311-manylinux_2_5_i686.manylinux1_i686.manylinux_2_17_i686.manylinux2014_i686.whl"
            },
            {
              "algorithm": "sha256",
              "hash": "eb6904c354526e758fda7167b33005998fb68c46fbc10e013ca97f21ca5c8887",
              "url": "https://files.pythonhosted.org/packages/19/28/573147271fd041d351b438a5665be8223f1dd92f273713cb882ddafe214c/charset_normalizer-3.3.2-cp311-cp311-musllinux_1_1_i686.whl"
            },
            {
              "algorithm": "sha256",
              "hash": "4ab2fe47fae9e0f9dee8c04187ce5d09f48eabe611be8259444906793ab7cbce",
              "url": "https://files.pythonhosted.org/packages/1e/49/7ab74d4ac537ece3bc3334ee08645e231f39f7d6df6347b29a74b0537103/charset_normalizer-3.3.2-cp311-cp311-musllinux_1_1_s390x.whl"
            },
            {
              "algorithm": "sha256",
              "hash": "80402cd6ee291dcb72644d6eac93785fe2c8b9cb30893c1af5b8fdd753b9d40f",
              "url": "https://files.pythonhosted.org/packages/2d/dc/9dacba68c9ac0ae781d40e1a0c0058e26302ea0660e574ddf6797a0347f7/charset_normalizer-3.3.2-cp311-cp311-musllinux_1_1_x86_64.whl"
            },
            {
              "algorithm": "sha256",
              "hash": "573f6eac48f4769d667c4442081b1794f52919e7edada77495aaed9236d13a96",
              "url": "https://files.pythonhosted.org/packages/3e/33/21a875a61057165e92227466e54ee076b73af1e21fe1b31f1e292251aa1e/charset_normalizer-3.3.2-cp311-cp311-macosx_10_9_x86_64.whl"
            },
            {
              "algorithm": "sha256",
              "hash": "753f10e867343b4511128c6ed8c82f7bec3bd026875576dfd88483c5c73b2fd8",
              "url": "https://files.pythonhosted.org/packages/40/26/f35951c45070edc957ba40a5b1db3cf60a9dbb1b350c2d5bef03e01e61de/charset_normalizer-3.3.2-cp311-cp311-manylinux_2_17_x86_64.manylinux2014_x86_64.whl"
            },
            {
              "algorithm": "sha256",
              "hash": "f30c3cb33b24454a82faecaf01b19c18562b1e89558fb6c56de4d9118a032fd5",
              "url": "https://files.pythonhosted.org/packages/63/09/c1bc53dab74b1816a00d8d030de5bf98f724c52c1635e07681d312f20be8/charset-normalizer-3.3.2.tar.gz"
            },
            {
              "algorithm": "sha256",
              "hash": "802fe99cca7457642125a8a88a084cef28ff0cf9407060f7b93dca5aa25480db",
              "url": "https://files.pythonhosted.org/packages/68/77/02839016f6fbbf808e8b38601df6e0e66c17bbab76dff4613f7511413597/charset_normalizer-3.3.2-cp311-cp311-macosx_10_9_universal2.whl"
            },
            {
              "algorithm": "sha256",
              "hash": "1ceae2f17a9c33cb48e3263960dc5fc8005351ee19db217e9b1bb15d28c02574",
              "url": "https://files.pythonhosted.org/packages/74/f1/0d9fe69ac441467b737ba7f48c68241487df2f4522dd7246d9426e7c690e/charset_normalizer-3.3.2-cp311-cp311-manylinux_2_17_ppc64le.manylinux2014_ppc64le.whl"
            },
            {
              "algorithm": "sha256",
              "hash": "deb6be0ac38ece9ba87dea880e438f25ca3eddfac8b002a2ec3d9183a454e8ae",
              "url": "https://files.pythonhosted.org/packages/cf/7c/f3b682fa053cc21373c9a839e6beba7705857075686a05c72e0f8c4980ca/charset_normalizer-3.3.2-cp311-cp311-musllinux_1_1_ppc64le.whl"
            },
            {
              "algorithm": "sha256",
              "hash": "e537484df0d8f426ce2afb2d0f8e1c3d0b114b83f8850e5f2fbea0e797bd82ae",
              "url": "https://files.pythonhosted.org/packages/d8/b5/eb705c313100defa57da79277d9207dc8d8e45931035862fa64b625bfead/charset_normalizer-3.3.2-cp311-cp311-musllinux_1_1_aarch64.whl"
            },
            {
              "algorithm": "sha256",
              "hash": "549a3a73da901d5bc3ce8d24e0600d1fa85524c10287f6004fbab87672bf3e1e",
              "url": "https://files.pythonhosted.org/packages/dd/51/68b61b90b24ca35495956b718f35a9756ef7d3dd4b3c1508056fa98d1a1b/charset_normalizer-3.3.2-cp311-cp311-macosx_11_0_arm64.whl"
            },
            {
              "algorithm": "sha256",
              "hash": "f27273b60488abe721a075bcca6d7f3964f9f6f067c8c4c605743023d7d3944f",
              "url": "https://files.pythonhosted.org/packages/e4/a6/7ee57823d46331ddc37dd00749c95b0edec2c79b15fc0d6e6efb532e89ac/charset_normalizer-3.3.2-cp311-cp311-manylinux_2_17_aarch64.manylinux2014_aarch64.whl"
            }
          ],
          "project_name": "charset-normalizer",
          "requires_dists": [],
          "requires_python": ">=3.7.0",
          "version": "3.3.2"
        },
        {
          "artifacts": [
            {
              "algorithm": "sha256",
              "hash": "946d195a0d259cbba61165e88e65941f16e9b36ea6ddb97f00452bae8b1287d3",
              "url": "https://files.pythonhosted.org/packages/76/c6/c88e154df9c4e1a2a66ccf0005a88dfb2650c1dffb6f5ce603dfbd452ce3/idna-3.10-py3-none-any.whl"
            },
            {
              "algorithm": "sha256",
              "hash": "12f65c9b470abda6dc35cf8e63cc574b1c52b11df2c86030af0ac09b01b13ea9",
              "url": "https://files.pythonhosted.org/packages/f1/70/7703c29685631f5a7590aa73f1f1d3fa9a380e654b86af429e0934a32f7d/idna-3.10.tar.gz"
            }
          ],
          "project_name": "idna",
          "requires_dists": [
            "flake8>=7.1.1; extra == \"all\"",
            "mypy>=1.11.2; extra == \"all\"",
            "pytest>=8.3.2; extra == \"all\"",
            "ruff>=0.6.2; extra == \"all\""
          ],
          "requires_python": ">=3.6",
          "version": "3.10"
        },
        {
          "artifacts": [
            {
              "algorithm": "sha256",
              "hash": "70761cfe03c773ceb22aa2f671b4757976145175cdfca038c02654d061d6dcc6",
              "url": "https://files.pythonhosted.org/packages/f9/9b/335f9764261e915ed497fcdeb11df5dfd6f7bf257d4a6a2a686d80da4d54/requests-2.32.3-py3-none-any.whl"
            },
            {
              "algorithm": "sha256",
              "hash": "55365417734eb18255590a9ff9eb97e9e1da868d4ccd6402399eaf68af20a760",
              "url": "https://files.pythonhosted.org/packages/63/70/2bf7780ad2d390a8d301ad0b550f1581eadbd9a20f896afe06353c2a2913/requests-2.32.3.tar.gz"
            }
          ],
          "project_name": "requests",
          "requires_dists": [
            "PySocks!=1.5.7,>=1.5.6; extra == \"socks\"",
            "certifi>=2017.4.17",
            "chardet<6,>=3.0.2; extra == \"use-chardet-on-py3\"",
            "charset-normalizer<4,>=2",
            "idna<4,>=2.5",
            "urllib3<3,>=1.21.1"
          ],
          "requires_python": ">=3.8",
          "version": "2.32.3"
        },
        {
          "artifacts": [
            {
              "algorithm": "sha256",
              "hash": "ca899ca043dcb1bafa3e262d73aa25c465bfb49e0bd9dd5d59f1d0acba2f8fac",
              "url": "https://files.pythonhosted.org/packages/ce/d9/5f4c13cecde62396b0d3fe530a50ccea91e7dfc1ccf0e09c228841bb5ba8/urllib3-2.2.3-py3-none-any.whl"
            },
            {
              "algorithm": "sha256",
              "hash": "e7d814a81dad81e6caf2ec9fdedb284ecc9c73076b62654547cc64ccdcae26e9",
              "url": "https://files.pythonhosted.org/packages/ed/63/22ba4ebfe7430b76388e7cd448d5478814d3032121827c12a2cc287e2260/urllib3-2.2.3.tar.gz"
            }
          ],
          "project_name": "urllib3",
          "requires_dists": [
            "brotli>=1.0.9; platform_python_implementation == \"CPython\" and extra == \"brotli\"",
            "brotlicffi>=0.8.0; platform_python_implementation != \"CPython\" and extra == \"brotli\"",
            "h2<5,>=4; extra == \"h2\"",
            "pysocks!=1.5.7,<2.0,>=1.5.6; extra == \"socks\"",
            "zstandard>=0.18.0; extra == \"zstd\""
          ],
          "requires_python": ">=3.8",
          "version": "2.2.3"
        }
      ],
      "platform_tag": null
    }
  ],
  "only_builds": [],
  "only_wheels": [],
  "path_mappings": {},
  "pex_version": "2.3.1",
  "pip_version": "23.0.1",
  "prefer_older_binary": false,
  "requirements": [
    "requests>=2.31"
  ],
  "requires_python": [
    "<3.12,>=3.11"
  ],
  "resolver_version": "pip-2020-resolver",
  "style": "universal",
  "target_systems": [
    "linux",
    "mac"
  ],
  "transitive": true,
  "use_pep517": null
}
