// This lockfile was autogenerated by Pants. To regenerate, run:
//
//    pants generate-lockfiles --resolve=example-1
//
// --- BEGIN PANTS LOCKFILE METADATA: DO NOT EDIT OR REMOVE ---
// {
//   "version": 3,
//   "valid_for_interpreter_constraints": [
//     "CPython<3.10,>=3.9"
//   ],
//   "generated_with_requirements": [
//     "requests>=2.31"
//   ],
//   "manylinux": "manylinux2014",
//   "requirement_constraints": [],
//   "only_binary": [],
//   "no_binary": []
// }
// --- END PANTS LOCKFILE METADATA ---

{
  "allow_builds": true,
  "allow_prereleases": false,
  "allow_wheels": true,
  "build_isolation": true,
  "constraints": [],
  "locked_resolves": [
    {
      "locked_requirements": [
        {
          "artifacts": [
            {
              "algorithm": "sha256",
              "hash": "922820b53db7a7257ffbda3f597266d435245903d80737e34f8a45ff3e3230d8",
              "url": "https://files.pythonhosted.org/packages/12/90/3c9ff0512038035f59d279fddeb79f5f1eccd8859f06d6163c58798b9487/certifi-2024.8.30-py3-none-any.whl"
            },
            {
              "algorithm": "sha256",
              "hash": "bec941d2aa8195e248a60b31ff9f0558284cf01a52591ceda73ea9afffd69fd9",
              "url": "https://files.pythonhosted.org/packages/b0/ee/9b19140fe824b367c04c5e1b369942dd754c4c5462d5674002f75c4dedc1/certifi-2024.8.30.tar.gz"
            }
          ],
          "project_name": "certifi",
          "requires_dists": [],
          "requires_python": ">=3.6",
          "version": "2024.8.30"
        },
        {
          "artifacts": [
            {
              "algorithm": "sha256",
              "hash": "3e4d1f6587322d2788836a99c69062fbb091331ec940e02d12d179c1d53e25fc",
              "url": "https://files.pythonhosted.org/packages/28/76/e6222113b83e3622caa4bb41032d0b1bf785250607392e1b778aca0b8a7d/charset_normalizer-3.3.2-py3-none-any.whl"
            },
            {
              "algorithm": "sha256",
              "hash": "122c7fa62b130ed55f8f285bfd56d5f4b4a5b503609d181f9ad85e55c89f4185",
              "url": "https://files.pythonhosted.org/packages/1f/8d/33c860a7032da5b93382cbe2873261f81467e7b37f4ed91e25fed62fd49b/charset_normalizer-3.3.2-cp39-cp39-manylinux_2_5_i686.manylinux1_i686.manylinux_2_17_i686.manylinux2014_i686.whl"
            },
            {
              "algorithm": "sha256",
              "hash": "68d1f8a9e9e37c1223b656399be5d6b448dea850bed7d0f87a8311f1ff3dabb0",
              "url": "https://files.pythonhosted.org/packages/2a/9d/a6d15bd1e3e2914af5955c8eb15f4071997e7078419328fee93dfd497eb7/charset_normalizer-3.3.2-cp39-cp39-macosx_11_0_arm64.whl"
            },
            {
              "algorithm": "sha256",
              "hash": "22afcb9f253dac0696b5a4be4a1c0f8762f8239e21b99680099abd9b2b1b2269",
              "url": "https://files.pythonhosted.org/packages/3d/85/5b7416b349609d20611a64718bed383b9251b5a601044550f0c8983b8900/charset_normalizer-3.3.2-cp39-cp39-manylinux_2_17_aarch64.manylinux2014_aarch64.whl"
            },
            {
              "algorithm": "sha256",
              "hash": "1f79682fbe303db92bc2b1136016a38a42e835d932bab5b3b1bfcfbf0640e519",
              "url": "https://files.pythonhosted.org/packages/44/80/b339237b4ce635b4af1c73742459eee5f97201bd92b2371c53e11958392e/charset_normalizer-3.3.2-cp39-cp39-manylinux_2_17_s390x.manylinux2014_s390x.whl"
            },
            {
              "algorithm": "sha256",
              "hash": "9f96df6923e21816da7e0ad3fd47dd8f94b2a5ce594e00677c0013018b813458",
              "url": "https://files.pythonhosted.org/packages/51/fd/0ee5b1c2860bb3c60236d05b6e4ac240cf702b67471138571dad91bcfed8/charset_normalizer-3.3.2-cp39-cp39-musllinux_1_1_i686.whl"
            },
            {
              "algorithm": "sha256",
              "hash": "34d1c8da1e78d2e001f363791c98a272bb734000fcef47a491c1e3b0505657a8",
              "url": "https://files.pythonhosted.org/packages/53/cd/aa4b8a4d82eeceb872f83237b2d27e43e637cac9ffaef19a1321c3bafb67/charset_normalizer-3.3.2-cp39-cp39-musllinux_1_1_s390x.whl"
            },
            {
              "algorithm": "sha256",
              "hash": "ff8fa367d09b717b2a17a052544193ad76cd49979c805768879cb63d9ca50561",
              "url": "https://files.pythonhosted.org/packages/54/7f/cad0b328759630814fcf9d804bfabaf47776816ad4ef2e9938b7e1123d04/charset_normalizer-3.3.2-cp39-cp39-musllinux_1_1_x86_64.whl"
            },
            {
              "algorithm": "sha256",
              "hash": "f30c3cb33b24454a82faecaf01b19c18562b1e89558fb6c56de4d9118a032fd5",
              "url": "https://files.pythonhosted.org/packages/63/09/c1bc53dab74b1816a00d8d030de5bf98f724c52c1635e07681d312f20be8/charset-normalizer-3.3.2.tar.gz"
            },
            {
              "algorithm": "sha256",
              "hash": "5b4c145409bef602a690e7cfad0a15a55c13320ff7a3ad7ca59c13bb8ba4d45d",
              "url": "https://files.pythonhosted.org/packages/66/fe/c7d3da40a66a6bf2920cce0f436fa1f62ee28aaf92f412f0bf3b84c8ad6c/charset_normalizer-3.3.2-cp39-cp39-macosx_10_9_x86_64.whl"
            },
            {
              "algorithm": "sha256",
              "hash": "e27ad930a842b4c5eb8ac0016b0a54f5aebbe679340c26101df33424142c143c",
              "url": "https://files.pythonhosted.org/packages/79/66/8946baa705c588521afe10b2d7967300e49380ded089a62d38537264aece/charset_normalizer-3.3.2-cp39-cp39-manylinux_2_17_ppc64le.manylinux2014_ppc64le.whl"
            },
            {
              "algorithm": "sha256",
              "hash": "b261ccdec7821281dade748d088bb6e9b69e6d15b30652b74cbbac25e280b796",
              "url": "https://files.pythonhosted.org/packages/98/69/5d8751b4b670d623aa7a47bef061d69c279e9f922f6705147983aa76c3ce/charset_normalizer-3.3.2-cp39-cp39-manylinux_2_17_x86_64.manylinux2014_x86_64.whl"
            },
            {
              "algorithm": "sha256",
              "hash": "d0eccceffcb53201b5bfebb52600a5fb483a20b61da9dbc885f8b103cbe7598c",
              "url": "https://files.pythonhosted.org/packages/c2/65/52aaf47b3dd616c11a19b1052ce7fa6321250a7a0b975f48d8c366733b9f/charset_normalizer-3.3.2-cp39-cp39-musllinux_1_1_aarch64.whl"
            },
            {
              "algorithm": "sha256",
              "hash": "7f04c839ed0b6b98b1a7501a002144b76c18fb1c1850c8b98d458ac269e26ed2",
              "url": "https://files.pythonhosted.org/packages/e1/9c/60729bf15dc82e3aaf5f71e81686e42e50715a1399770bcde1a9e43d09db/charset_normalizer-3.3.2-cp39-cp39-musllinux_1_1_ppc64le.whl"
            },
            {
              "algorithm": "sha256",
              "hash": "c235ebd9baae02f1b77bcea61bce332cb4331dc3617d254df3323aa01ab47bd4",
              "url": "https://files.pythonhosted.org/packages/f7/9d/bcf4a449a438ed6f19790eee543a86a740c77508fbc5ddab210ab3ba3a9a/charset_normalizer-3.3.2-cp39-cp39-macosx_10_9_universal2.whl"
            }
          ],
          "project_name": "charset-normalizer",
          "requires_dists": [],
          "requires_python": ">=3.7.0",
          "version": "3.3.2"
        },
        {
          "artifacts": [
            {
              "algorithm": "sha256",
              "hash": "946d195a0d259cbba61165e88e65941f16e9b36ea6ddb97f00452bae8b1287d3",
              "url": "https://files.pythonhosted.org/packages/76/c6/c88e154df9c4e1a2a66ccf0005a88dfb2650c1dffb6f5ce603dfbd452ce3/idna-3.10-py3-none-any.whl"
            },
            {
              "algorithm": "sha256",
              "hash": "12f65c9b470abda6dc35cf8e63cc574b1c52b11df2c86030af0ac09b01b13ea9",
              "url": "https://files.pythonhosted.org/packages/f1/70/7703c29685631f5a7590aa73f1f1d3fa9a380e654b86af429e0934a32f7d/idna-3.10.tar.gz"
            }
          ],
          "project_name": "idna",
          "requires_dists": [
            "flake8>=7.1.1; extra == \"all\"",
            "mypy>=1.11.2; extra == \"all\"",
            "pytest>=8.3.2; extra == \"all\"",
            "ruff>=0.6.2; extra == \"all\""
          ],
          "requires_python": ">=3.6",
          "version": "3.10"
        },
        {
          "artifacts": [
            {
              "algorithm": "sha256",
              "hash": "70761cfe03c773ceb22aa2f671b4757976145175cdfca038c02654d061d6dcc6",
              "url": "https://files.pythonhosted.org/packages/f9/9b/335f9764261e915ed497fcdeb11df5dfd6f7bf257d4a6a2a686d80da4d54/requests-2.32.3-py3-none-any.whl"
            },
            {
              "algorithm": "sha256",
              "hash": "55365417734eb18255590a9ff9eb97e9e1da868d4ccd6402399eaf68af20a760",
              "url": "https://files.pythonhosted.org/packages/63/70/2bf7780ad2d390a8d301ad0b550f1581eadbd9a20f896afe06353c2a2913/requests-2.32.3.tar.gz"
            }
          ],
          "project_name": "requests",
          "requires_dists": [
            "PySocks!=1.5.7,>=1.5.6; extra == \"socks\"",
            "certifi>=2017.4.17",
            "chardet<6,>=3.0.2; extra == \"use-chardet-on-py3\"",
            "charset-normalizer<4,>=2",
            "idna<4,>=2.5",
            "urllib3<3,>=1.21.1"
          ],
          "requires_python": ">=3.8",
          "version": "2.32.3"
        },
        {
          "artifacts": [
            {
              "algorithm": "sha256",
              "hash": "ca899ca043dcb1bafa3e262d73aa25c465bfb49e0bd9dd5d59f1d0acba2f8fac",
              "url": "https://files.pythonhosted.org/packages/ce/d9/5f4c13cecde62396b0d3fe530a50ccea91e7dfc1ccf0e09c228841bb5ba8/urllib3-2.2.3-py3-none-any.whl"
            },
            {
              "algorithm": "sha256",
              "hash": "e7d814a81dad81e6caf2ec9fdedb284ecc9c73076b62654547cc64ccdcae26e9",
              "url": "https://files.pythonhosted.org/packages/ed/63/22ba4ebfe7430b76388e7cd448d5478814d3032121827c12a2cc287e2260/urllib3-2.2.3.tar.gz"
            }
          ],
          "project_name": "urllib3",
          "requires_dists": [
            "brotli>=1.0.9; platform_python_implementation == \"CPython\" and extra == \"brotli\"",
            "brotlicffi>=0.8.0; platform_python_implementation != \"CPython\" and extra == \"brotli\"",
            "h2<5,>=4; extra == \"h2\"",
            "pysocks!=1.5.7,<2.0,>=1.5.6; extra == \"socks\"",
            "zstandard>=0.18.0; extra == \"zstd\""
          ],
          "requires_python": ">=3.8",
          "version": "2.2.3"
        }
      ],
      "platform_tag": null
    }
  ],
  "only_builds": [],
  "only_wheels": [],
  "path_mappings": {},
  "pex_version": "2.3.1",
  "pip_version": "23.0.1",
  "prefer_older_binary": false,
  "requirements": [
    "requests>=2.31"
  ],
  "requires_python": [
    "<3.10,>=3.9"
  ],
  "resolver_version": "pip-2020-resolver",
  "style": "universal",
  "target_systems": [
    "linux",
    "mac"
  ],
  "transitive": true,
  "use_pep517": null
}
