// This lockfile was autogenerated by Pants. To regenerate, run:
//
//    pants generate-lockfiles --resolve=example-1
//
// --- BEGIN PANTS LOCKFILE METADATA: DO NOT EDIT OR REMOVE ---
// {
//   "version": 5,
//   "valid_for_interpreter_constraints": [
//     "CPython<3.12,>=3.11"
//   ],
//   "generated_with_requirements": [
//     "requests>=2.31"
//   ],
//   "manylinux": "manylinux2014",
//   "requirement_constraints": [],
//   "only_binary": [],
//   "no_binary": [],
//   "excludes": [],
//   "overrides": [],
//   "sources": []
// }
// --- END PANTS LOCKFILE METADATA ---

{
  "allow_builds": true,
  "allow_prereleases": false,
  "allow_wheels": true,
  "build_isolation": true,
  "constraints": [],
  "elide_unused_requires_dist": false,
  "excluded": [],
  "locked_resolves": [
    {
      "locked_requirements": [
        {
          "artifacts": [
            {
              "algorithm": "sha256",
              "hash": "027692e4402ad994f1c42e52a4997a9763c646b73e4096e4d5d6db8af1d6f0fa",
              "url": "https://files.pythonhosted.org/packages/9a/3c/c17fb3ca2d9c3acff52e30b309f538586f9f5b9c9cf454f3845fc9af4881/certifi-2026.2.25-py3-none-any.whl"
            },
            {
              "algorithm": "sha256",
              "hash": "e887ab5cee78ea814d3472169153c2d12cd43b14bd03329a39a9c6e2e80bfba7",
              "url": "https://files.pythonhosted.org/packages/af/2d/7bf41579a8986e348fa033a31cdd0e4121114f6bce2457e8876010b092dd/certifi-2026.2.25.tar.gz"
            }
          ],
          "project_name": "certifi",
          "requires_dists": [],
          "requires_python": ">=3.7",
          "version": "2026.2.25"
        },
        {
          "artifacts": [
            {
              "algorithm": "sha256",
              "hash": "9db5e3fcdcee89a78c04dffb3fe33c79f77bd741a624946db2591c81b2fc85b0",
              "url": "https://files.pythonhosted.org/packages/c5/60/3a621758945513adfd4db86827a5bafcc615f913dbd0b4c2ed64a65731be/charset_normalizer-3.4.5-py3-none-any.whl"
            },
            {
              "algorithm": "sha256",
              "hash": "5bcb3227c3d9aaf73eaaab1db7ccd80a8995c509ee9941e2aae060ca6e4e5d81",
              "url": "https://files.pythonhosted.org/packages/03/f4/44d3b830a20e89ff82a3134912d9a1cf6084d64f3b95dcad40f74449a654/charset_normalizer-3.4.5-cp311-cp311-manylinux2014_x86_64.manylinux_2_17_x86_64.manylinux_2_28_x86_64.whl"
            },
            {
              "algorithm": "sha256",
              "hash": "d31f0d1671e1534e395f9eb84a68e0fb670e1edb1fe819a9d7f564ae3bc4e53f",
              "url": "https://files.pythonhosted.org/packages/08/ca/bce99cd5c397a52919e2769d126723f27a4c037130374c051c00470bcd38/charset_normalizer-3.4.5-cp311-cp311-musllinux_1_2_x86_64.whl"
            },
            {
              "algorithm": "sha256",
              "hash": "95adae7b6c42a6c5b5b559b1a99149f090a57128155daeea91732c8d970d8644",
              "url": "https://files.pythonhosted.org/packages/1d/35/02daf95b9cd686320bb622eb148792655c9412dbb9b67abb5694e5910a24/charset_normalizer-3.4.5.tar.gz"
            },
            {
              "algorithm": "sha256",
              "hash": "75ee9c1cce2911581a70a3c0919d8bccf5b1cbc9b0e5171400ec736b4b569497",
              "url": "https://files.pythonhosted.org/packages/25/4b/f212119c18a6320a9d4a730d1b4057875cdeabf21b3614f76549042ef8a8/charset_normalizer-3.4.5-cp311-cp311-manylinux_2_31_armv7l.whl"
            },
            {
              "algorithm": "sha256",
              "hash": "d01de5e768328646e6a3fa9e562706f8f6641708c115c62588aef2b941a4f88e",
              "url": "https://files.pythonhosted.org/packages/44/33/5298ad4d419a58e25b3508e87f2758d1442ff00c2471f8e0403dab8edad5/charset_normalizer-3.4.5-cp311-cp311-musllinux_1_2_ppc64le.whl"
            },
            {
              "algorithm": "sha256",
              "hash": "60d68e820af339df4ae8358c7a2e7596badeb61e544438e489035f9fbf3246a5",
              "url": "https://files.pythonhosted.org/packages/58/12/81fd25f7e7078ab5d1eedbb0fac44be4904ae3370a3bf4533c8f2d159acd/charset_normalizer-3.4.5-cp311-cp311-manylinux2014_aarch64.manylinux_2_17_aarch64.manylinux_2_28_aarch64.whl"
            },
            {
              "algorithm": "sha256",
              "hash": "e09f671a54ce70b79a1fc1dc6da3072b7ef7251fadb894ed92d9aa8218465a5f",
              "url": "https://files.pythonhosted.org/packages/5a/3d/abb5c22dc2ef493cd56522f811246a63c5427c08f3e3e50ab663de27fcf4/charset_normalizer-3.4.5-cp311-cp311-musllinux_1_2_armv7l.whl"
            },
            {
              "algorithm": "sha256",
              "hash": "1d1401945cb77787dbd3af2446ff2d75912327c4c3a1526ab7955ecf8600687c",
              "url": "https://files.pythonhosted.org/packages/74/00/b26158e48b425a202a92965f8069e8a63d9af1481dfa206825d7f74d2a3c/charset_normalizer-3.4.5-cp311-cp311-manylinux_2_31_riscv64.manylinux_2_39_riscv64.whl"
            },
            {
              "algorithm": "sha256",
              "hash": "131716d6786ad5e3dc542f5cc6f397ba3339dc0fb87f87ac30e550e8987756af",
              "url": "https://files.pythonhosted.org/packages/7b/17/51e7895ac0f87c3b91d276a449ef09f5532a7529818f59646d7a55089432/charset_normalizer-3.4.5-cp311-cp311-musllinux_1_2_riscv64.whl"
            },
            {
              "algorithm": "sha256",
              "hash": "610f72c0ee565dfb8ae1241b666119582fdbfe7c0975c175be719f940e110694",
              "url": "https://files.pythonhosted.org/packages/8f/9e/bcec3b22c64ecec47d39bf5167c2613efd41898c019dccd4183f6aa5d6a7/charset_normalizer-3.4.5-cp311-cp311-macosx_10_9_universal2.whl"
            },
            {
              "algorithm": "sha256",
              "hash": "1a374cc0b88aa710e8865dc1bd6edb3743c59f27830f0293ab101e4cf3ce9f85",
              "url": "https://files.pythonhosted.org/packages/90/8f/cce9adf1883e98906dbae380d769b4852bb0fa0004bc7d7a2243418d3ea8/charset_normalizer-3.4.5-cp311-cp311-musllinux_1_2_s390x.whl"
            },
            {
              "algorithm": "sha256",
              "hash": "10b473fc8dca1c3ad8559985794815f06ca3fc71942c969129070f2c3cdf7281",
              "url": "https://files.pythonhosted.org/packages/ae/6e/f2d30e8c27c1b0736a6520311982cf5286cfc7f6cac77d7bc1325e3a23f2/charset_normalizer-3.4.5-cp311-cp311-manylinux2014_ppc64le.manylinux_2_17_ppc64le.manylinux_2_28_ppc64le.whl"
            },
            {
              "algorithm": "sha256",
              "hash": "0a45e504f5e1be0bd385935a8e1507c442349ca36f511a47057a71c9d1d6ea9e",
              "url": "https://files.pythonhosted.org/packages/c4/c2/1c1737bf6fd40335fe53d28fe49afd99ee4143cc57a845e99635ce0b9b6d/charset_normalizer-3.4.5-cp311-cp311-musllinux_1_2_aarch64.whl"
            },
            {
              "algorithm": "sha256",
              "hash": "d4eb8ac7469b2a5d64b5b8c04f84d8bf3ad340f4514b98523805cbf46e3b3923",
              "url": "https://files.pythonhosted.org/packages/d0/90/d12cefcb53b5931e2cf792a33718d7126efb116a320eaa0742c7059a95e4/charset_normalizer-3.4.5-cp311-cp311-manylinux2014_s390x.manylinux_2_17_s390x.manylinux_2_28_s390x.whl"
            }
          ],
          "project_name": "charset-normalizer",
          "requires_dists": [],
          "requires_python": ">=3.7",
          "version": "3.4.5"
        },
        {
          "artifacts": [
            {
              "algorithm": "sha256",
              "hash": "771a87f49d9defaf64091e6e6fe9c18d4833f140bd19464795bc32d966ca37ea",
              "url": "https://files.pythonhosted.org/packages/0e/61/66938bbb5fc52dbdf84594873d5b51fb1f7c7794e9c0f5bd885f30bc507b/idna-3.11-py3-none-any.whl"
            },
            {
              "algorithm": "sha256",
              "hash": "795dafcc9c04ed0c1fb032c2aa73654d8e8c5023a7df64a53f39190ada629902",
              "url": "https://files.pythonhosted.org/packages/6f/6d/0703ccc57f3a7233505399edb88de3cbd678da106337b9fcde432b65ed60/idna-3.11.tar.gz"
            }
          ],
          "project_name": "idna",
          "requires_dists": [
            "flake8>=7.1.1; extra == \"all\"",
            "mypy>=1.11.2; extra == \"all\"",
            "pytest>=8.3.2; extra == \"all\"",
            "ruff>=0.6.2; extra == \"all\""
          ],
          "requires_python": ">=3.8",
          "version": "3.11"
        },
        {
          "artifacts": [
            {
              "algorithm": "sha256",
              "hash": "2462f94637a34fd532264295e186976db0f5d453d1cdd31473c85a6a161affb6",
              "url": "https://files.pythonhosted.org/packages/1e/db/4254e3eabe8020b458f1a747140d32277ec7a271daf1d235b70dc0b4e6e3/requests-2.32.5-py3-none-any.whl"
            },
            {
              "algorithm": "sha256",
              "hash": "dbba0bac56e100853db0ea71b82b4dfd5fe2bf6d3754a8893c3af500cec7d7cf",
              "url": "https://files.pythonhosted.org/packages/c9/74/b3ff8e6c8446842c3f5c837e9c3dfcfe2018ea6ecef224c710c85ef728f4/requests-2.32.5.tar.gz"
            }
          ],
          "project_name": "requests",
          "requires_dists": [
            "PySocks!=1.5.7,>=1.5.6; extra == \"socks\"",
            "certifi>=2017.4.17",
            "chardet<6,>=3.0.2; extra == \"use-chardet-on-py3\"",
            "charset_normalizer<4,>=2",
            "idna<4,>=2.5",
            "urllib3<3,>=1.21.1"
          ],
          "requires_python": ">=3.9",
          "version": "2.32.5"
        },
        {
          "artifacts": [
            {
              "algorithm": "sha256",
              "hash": "bf272323e553dfb2e87d9bfd225ca7b0f467b919d7bbd355436d3fd37cb0acd4",
              "url": "https://files.pythonhosted.org/packages/39/08/aaaad47bc4e9dc8c725e68f9d04865dbcb2052843ff09c97b08904852d84/urllib3-2.6.3-py3-none-any.whl"
            },
            {
              "algorithm": "sha256",
              "hash": "1b62b6884944a57dbe321509ab94fd4d3b307075e0c2eae991ac71ee15ad38ed",
              "url": "https://files.pythonhosted.org/packages/c7/24/5f1b3bdffd70275f6661c76461e25f024d5a38a46f04aaca912426a2b1d3/urllib3-2.6.3.tar.gz"
            }
          ],
          "project_name": "urllib3",
          "requires_dists": [
            "backports-zstd>=1.0.0; python_version < \"3.14\" and extra == \"zstd\"",
            "brotli>=1.2.0; platform_python_implementation == \"CPython\" and extra == \"brotli\"",
            "brotlicffi>=1.2.0.0; platform_python_implementation != \"CPython\" and extra == \"brotli\"",
            "h2<5,>=4; extra == \"h2\"",
            "pysocks!=1.5.7,<2.0,>=1.5.6; extra == \"socks\""
          ],
          "requires_python": ">=3.9",
          "version": "2.6.3"
        }
      ],
      "marker": null,
      "platform_tag": null
    }
  ],
  "only_builds": [],
  "only_wheels": [],
  "overridden": [],
  "path_mappings": {},
  "pex_version": "2.66.0",
  "pip_version": "24.2",
  "prefer_older_binary": false,
  "requirements": [
    "requests>=2.31"
  ],
  "requires_python": [
    "CPython<3.12,>=3.11"
  ],
  "resolver_version": "pip-2020-resolver",
  "style": "universal",
  "target_systems": [
    "linux",
    "mac"
  ],
  "transitive": true,
  "use_pep517": null,
  "use_system_time": false
}
